
Microsoft Visual Studio Solution File, Format Version 12.00
# Visual Studio Version 16
VisualStudioVersion = 16.0.28803.202
MinimumVisualStudioVersion = 10.0.40219.1
Project("{FAE04EC0-301F-11D3-BF4B-00C04F79EFBC}") = "MyQuizMaker", "MyQuizMaker\MyQuizMaker.csproj", "{B31B51A7-0244-4ACB-A2A5-31F2BD07474E}"
EndProject
Global
	GlobalSection(SolutionConfigurationPlatforms) = preSolution
		Debug|Any CPU = Debug|Any CPU
		Release|Any CPU = Release|Any CPU
	EndGlobalSection
	GlobalSection(ProjectConfigurationPlatforms) = postSolution
		{B31B51A7-0244-4ACB-A2A5-31F2BD07474E}.Debug|Any CPU.ActiveCfg = Debug|Any CPU
		{B31B51A7-0244-4ACB-A2A5-31F2BD07474E}.Debug|Any CPU.Build.0 = Debug|Any CPU
		{B31B51A7-0244-4ACB-A2A5-31F2BD07474E}.Release|Any CPU.ActiveCfg = Release|Any CPU
		{B31B51A7-0244-4ACB-A2A5-31F2BD07474E}.Release|Any CPU.Build.0 = Release|Any CPU
	EndGlobalSection
	GlobalSection(SolutionProperties) = preSolution
		HideSolutionNode = FALSE
	EndGlobalSection
	GlobalSection(ExtensibilityGlobals) = postSolution
		SolutionGuid = {C2BEEC60-4946-4B99-B496-39FABA29CB33}
	EndGlobalSection
EndGlobal
